
Microsoft Visual Studio Solution File, Format Version 12.00
# Visual Studio Version 16
VisualStudioVersion = 16.0.29025.244
MinimumVisualStudioVersion = 10.0.40219.1
Project("{FAE04EC0-301F-11D3-BF4B-00C04F79EFBC}") = "AILab4", "AILab4\AILab4.csproj", "{4382D8BB-7273-4B59-BA72-9DAB19CEF427}"
EndProject
Global
	GlobalSection(SolutionConfigurationPlatforms) = preSolution
		Debug|Any CPU = Debug|Any CPU
		Release|Any CPU = Release|Any CPU
	EndGlobalSection
	GlobalSection(ProjectConfigurationPlatforms) = postSolution
		{4382D8BB-7273-4B59-BA72-9DAB19CEF427}.Debug|Any CPU.ActiveCfg = Debug|Any CPU
		{4382D8BB-7273-4B59-BA72-9DAB19CEF427}.Debug|Any CPU.Build.0 = Debug|Any CPU
		{4382D8BB-7273-4B59-BA72-9DAB19CEF427}.Release|Any CPU.ActiveCfg = Release|Any CPU
		{4382D8BB-7273-4B59-BA72-9DAB19CEF427}.Release|Any CPU.Build.0 = Release|Any CPU
	EndGlobalSection
	GlobalSection(SolutionProperties) = preSolution
		HideSolutionNode = FALSE
	EndGlobalSection
	GlobalSection(ExtensibilityGlobals) = postSolution
		SolutionGuid = {C9116C76-C9A5-4408-8C5C-FE93F292506D}
	EndGlobalSection
EndGlobal
